{
  "name": "display",
  "version": "1.0.0",
  "lockfileVersion": 3,
  "requires": true,
  "packages": {
    "": {
      "name": "display",
      "version": "1.0.0",
      "license": "ISC",
      "dependencies": {
        "@chrisoakman/chessboardjs": "^1.0.0",
        "chess.js": "^1.0.0-beta.7",
        "mustache.js": "^1.0.0"
      }
    },
    "node_modules/@chrisoakman/chessboardjs": {
      "version": "1.0.0",
      "resolved": "https://registry.npmjs.org/@chrisoakman/chessboardjs/-/chessboardjs-1.0.0.tgz",
      "integrity": "sha512-JHXHoQwwc86xW3F0YIdFcEWLnPldee5mHkqwJbOTeDh5gvNmYXyBj6AkeecDkj2WtORF959yaWYlpyZHUl3LCQ==",
      "dependencies": {
        "jquery": ">=3.4.1"
      }
    },
    "node_modules/chess.js": {
      "version": "1.0.0-beta.7",
      "resolved": "https://registry.npmjs.org/chess.js/-/chess.js-1.0.0-beta.7.tgz",
      "integrity": "sha512-2qG/f3M9Lil/hBey2uoJy9zhNr1BWIXZngRUJFt7j1QqS5Y5Ywq8Rd3l7ZBCbyJjhsLhxTcVhv6xy7BfjC19Dw=="
    },
    "node_modules/jquery": {
      "version": "3.7.1",
      "resolved": "https://registry.npmjs.org/jquery/-/jquery-3.7.1.tgz",
      "integrity": "sha512-m4avr8yL8kmFN8psrbFFFmB/If14iN5o9nw/NgnnM+kybDJpRsAynV2BsfpTYrTRysYUdADVD7CkUUizgkpLfg=="
    },
    "node_modules/mustache.js": {
      "version": "1.0.0",
      "resolved": "https://registry.npmjs.org/mustache.js/-/mustache.js-1.0.0.tgz",
      "integrity": "sha512-dUWFq3stLw/oLQfV4gdPFcCJgzo+qeX/Gb3hIKjAYjd9LtKypeMguzYbM4mzJ2VzDbQ8nSudnjh3hu4nX5YvtQ==",
      "deprecated": "Unpublished by its original owner: do not use."
    }
  }
}
